{
	"name": "my-camera-views",
	"version": "1.0.17",
	"lockfileVersion": 3,
	"requires": true,
	"packages": {
		"": {
			"name": "my-camera-views",
			"version": "1.0.17",
			"dependencies": {
				"luucy-types": "git+ssh://git@gitlab.com:luucy/sdk/luucy-types.git#next/3.9",
				"typescript": "^5.6.3"
			}
		},
		"node_modules/luucy-types": {
			"version": "10.24.18",
			"resolved": "git+ssh://git@gitlab.com/luucy/sdk/luucy-types.git#037458d946c70972d7c87e944c5c98bf93d23a66",
			"hasInstallScript": true
		},
		"node_modules/typescript": {
			"version": "5.7.2",
			"resolved": "https://registry.npmjs.org/typescript/-/typescript-5.7.2.tgz",
			"integrity": "sha512-i5t66RHxDvVN40HfDd1PsEThGNnlMCMT3jMUuoh9/0TaqWevNontacunWyN02LA9/fIbEWlcHZcgTKb9QoaLfg==",
			"bin": {
				"tsc": "bin/tsc",
				"tsserver": "bin/tsserver"
			},
			"engines": {
				"node": ">=14.17"
			}
		}
	}
}
